
Microsoft Visual Studio Solution File, Format Version 12.00
# Visual Studio 14
VisualStudioVersion = 14.0.23107.0
MinimumVisualStudioVersion = 14.0.23107.0
Project("{FAE04EC0-301F-11D3-BF4B-00C04F79EFBC}") = "PickupMailViewer", "PickupMailViewer\PickupMailViewer.csproj", "{10D815DB-5F6A-4827-8E68-B4D5D79265E9}"
EndProject
Project("{2150E333-8FDC-42A3-9474-1A3956D46DE8}") = ".nuget", ".nuget", "{46D79FE6-F0BE-4618-85D7-6F6485A5D316}"
	ProjectSection(SolutionItems) = preProject
		.nuget\NuGet.Config = .nuget\NuGet.Config
		.nuget\NuGet.exe = .nuget\NuGet.exe
		.nuget\NuGet.targets = .nuget\NuGet.targets
	EndProjectSection
EndProject
Project("{2150E333-8FDC-42A3-9474-1A3956D46DE8}") = "Solution Items", "Solution Items", "{5542E204-AE02-4FE1-BBEF-9FDA98272AF7}"
	ProjectSection(SolutionItems) = preProject
		LICENSE = LICENSE
		README.md = README.md
	EndProjectSection
EndProject
Project("{2150E333-8FDC-42A3-9474-1A3956D46DE8}") = "Doc", "Doc", "{E93E6292-D948-4504-B3CC-8AE02BAEAAF8}"
	ProjectSection(SolutionItems) = preProject
		Doc\screenshot-list.png = Doc\screenshot-list.png
		Doc\screenshot-single-mail.png = Doc\screenshot-single-mail.png
		Doc\screenshot.md = Doc\screenshot.md
	EndProjectSection
EndProject
Project("{FAE04EC0-301F-11D3-BF4B-00C04F79EFBC}") = "MessageCreator", "MessageCreator\MessageCreator.csproj", "{47462514-4F98-45B5-AD57-263A72916A8D}"
EndProject
Global
	GlobalSection(SolutionConfigurationPlatforms) = preSolution
		Debug|Any CPU = Debug|Any CPU
		Release|Any CPU = Release|Any CPU
	EndGlobalSection
	GlobalSection(ProjectConfigurationPlatforms) = postSolution
		{10D815DB-5F6A-4827-8E68-B4D5D79265E9}.Debug|Any CPU.ActiveCfg = Debug|Any CPU
		{10D815DB-5F6A-4827-8E68-B4D5D79265E9}.Debug|Any CPU.Build.0 = Debug|Any CPU
		{10D815DB-5F6A-4827-8E68-B4D5D79265E9}.Release|Any CPU.ActiveCfg = Release|Any CPU
		{10D815DB-5F6A-4827-8E68-B4D5D79265E9}.Release|Any CPU.Build.0 = Release|Any CPU
		{47462514-4F98-45B5-AD57-263A72916A8D}.Debug|Any CPU.ActiveCfg = Debug|Any CPU
		{47462514-4F98-45B5-AD57-263A72916A8D}.Debug|Any CPU.Build.0 = Debug|Any CPU
		{47462514-4F98-45B5-AD57-263A72916A8D}.Release|Any CPU.ActiveCfg = Release|Any CPU
		{47462514-4F98-45B5-AD57-263A72916A8D}.Release|Any CPU.Build.0 = Release|Any CPU
	EndGlobalSection
	GlobalSection(SolutionProperties) = preSolution
		HideSolutionNode = FALSE
	EndGlobalSection
	GlobalSection(NestedProjects) = preSolution
		{E93E6292-D948-4504-B3CC-8AE02BAEAAF8} = {5542E204-AE02-4FE1-BBEF-9FDA98272AF7}
	EndGlobalSection
EndGlobal
